
Microsoft Visual Studio Solution File, Format Version 12.00
# Visual Studio Version 17
VisualStudioVersion = 17.0.31912.275
MinimumVisualStudioVersion = 10.0.40219.1
Project("{FAE04EC0-301F-11D3-BF4B-00C04F79EFBC}") = "EjerPOO3", "EjerPOO3\EjerPOO3.csproj", "{039727B6-B560-4906-AF75-EAA51EC00AA0}"
EndProject
Global
	GlobalSection(SolutionConfigurationPlatforms) = preSolution
		Debug|Any CPU = Debug|Any CPU
		Release|Any CPU = Release|Any CPU
	EndGlobalSection
	GlobalSection(ProjectConfigurationPlatforms) = postSolution
		{039727B6-B560-4906-AF75-EAA51EC00AA0}.Debug|Any CPU.ActiveCfg = Debug|Any CPU
		{039727B6-B560-4906-AF75-EAA51EC00AA0}.Debug|Any CPU.Build.0 = Debug|Any CPU
		{039727B6-B560-4906-AF75-EAA51EC00AA0}.Release|Any CPU.ActiveCfg = Release|Any CPU
		{039727B6-B560-4906-AF75-EAA51EC00AA0}.Release|Any CPU.Build.0 = Release|Any CPU
	EndGlobalSection
	GlobalSection(SolutionProperties) = preSolution
		HideSolutionNode = FALSE
	EndGlobalSection
	GlobalSection(ExtensibilityGlobals) = postSolution
		SolutionGuid = {7E47D463-1EE9-404C-94C7-C9786C8B24F3}
	EndGlobalSection
EndGlobal
