
Microsoft Visual Studio Solution File, Format Version 12.00
# Visual Studio Version 17
VisualStudioVersion = 17.0.31912.275
MinimumVisualStudioVersion = 10.0.40219.1
Project("{FAE04EC0-301F-11D3-BF4B-00C04F79EFBC}") = "EjerPOO6", "EjerPOO6\EjerPOO6.csproj", "{7D8A9EB0-3EE6-4B03-BD5B-286F5213C152}"
EndProject
Global
	GlobalSection(SolutionConfigurationPlatforms) = preSolution
		Debug|Any CPU = Debug|Any CPU
		Release|Any CPU = Release|Any CPU
	EndGlobalSection
	GlobalSection(ProjectConfigurationPlatforms) = postSolution
		{7D8A9EB0-3EE6-4B03-BD5B-286F5213C152}.Debug|Any CPU.ActiveCfg = Debug|Any CPU
		{7D8A9EB0-3EE6-4B03-BD5B-286F5213C152}.Debug|Any CPU.Build.0 = Debug|Any CPU
		{7D8A9EB0-3EE6-4B03-BD5B-286F5213C152}.Release|Any CPU.ActiveCfg = Release|Any CPU
		{7D8A9EB0-3EE6-4B03-BD5B-286F5213C152}.Release|Any CPU.Build.0 = Release|Any CPU
	EndGlobalSection
	GlobalSection(SolutionProperties) = preSolution
		HideSolutionNode = FALSE
	EndGlobalSection
	GlobalSection(ExtensibilityGlobals) = postSolution
		SolutionGuid = {EFDA61F3-A458-4072-A861-2DD34FF7FA43}
	EndGlobalSection
EndGlobal
